<?xml version="1.0" encoding="utf-8"?>
<Project ToolsVersion="4.0" xmlns="http://schemas.microsoft.com/developer/msbuild/2003">
  <ItemGroup>
    <Filter Include="Shaders">
      <UniqueIdentifier>{2f082764-d2b3-4b11-8bb5-a91d738daeb1}</UniqueIdentifier>
    </Filter>
    <Filter Include="Cinema 4D">
      <UniqueIdentifier>{ff3c497a-928a-4f6e-8e84-01efd69026d2}</UniqueIdentifier>
    </Filter>
    <Filter Include="Source Files">
      <UniqueIdentifier>{d37517d0-b4ba-411d-a798-d8bcba2db7c9}</UniqueIdentifier>
    </Filter>
    <Filter Include="Header Files">
      <UniqueIdentifier>{f5ab26e9-2e4f-41aa-b7a8-4775d42bf008}</UniqueIdentifier>
    </Filter>
    <Filter Include="Header Files\Camera">
      <UniqueIdentifier>{090c4627-1074-46cf-8a6a-123683d9db7a}</UniqueIdentifier>
    </Filter>
    <Filter Include="Source Files\Camera">
      <UniqueIdentifier>{dfae5576-ffae-453d-b5e7-214521ba6f83}</UniqueIdentifier>
    </Filter>
    <Filter Include="Header Files\Input">
      <UniqueIdentifier>{0da35ac9-ff0a-4187-aa9d-65114ff405ee}</UniqueIdentifier>
    </Filter>
    <Filter Include="Source Files\Input">
      <UniqueIdentifier>{0d7306a2-66f8-4d0d-b30d-56dabc29e5c4}</UniqueIdentifier>
    </Filter>
  </ItemGroup>
  <ItemGroup>
    <None Include="$(MSBuildThisFileDirectory)Cinema 4D\C4D_Exporter.py">
      <Filter>Cinema 4D</Filter>
    </None>
    <None Include="$(MSBuildThisFileDirectory)Cinema 4D\Scene.c4d">
      <Filter>Cinema 4D</Filter>
    </None>
  </ItemGroup>
  <ItemGroup>
    <FxCompile Include="$(MSBuildThisFileDirectory)Shaders\PixelShader.hlsl">
      <Filter>Shaders</Filter>
    </FxCompile>
    <FxCompile Include="$(MSBuildThisFileDirectory)Shaders\VertexShader.hlsl">
      <Filter>Shaders</Filter>
    </FxCompile>
  </ItemGroup>
  <ItemGroup>
    <Text Include="$(MSBuildThisFileDirectory)Cinema 4D\c4d_exporter_path">
      <Filter>Cinema 4D</Filter>
    </Text>
  </ItemGroup>
  <ItemGroup>
    <ClInclude Include="$(MSBuildThisFileDirectory)Header Files\Game\Direct3D11.hpp">
      <Filter>Header Files</Filter>
    </ClInclude>
    <ClInclude Include="$(MSBuildThisFileDirectory)Header Files\Game\Exceptions.hpp">
      <Filter>Header Files</Filter>
    </ClInclude>
    <ClInclude Include="$(MSBuildThisFileDirectory)Header Files\Game\Game.hpp">
      <Filter>Header Files</Filter>
    </ClInclude>
    <ClInclude Include="$(MSBuildThisFileDirectory)Header Files\Game\ResourceHandler.hpp">
      <Filter>Header Files</Filter>
    </ClInclude>
    <ClInclude Include="$(MSBuildThisFileDirectory)Header Files\Game\Utils.hpp">
      <Filter>Header Files</Filter>
    </ClInclude>
    <ClInclude Include="$(MSBuildThisFileDirectory)Header Files\Game\Camera\Projection.hpp">
      <Filter>Header Files\Camera</Filter>
    </ClInclude>
    <ClInclude Include="$(MSBuildThisFileDirectory)Header Files\Game\Camera\View.hpp">
      <Filter>Header Files\Camera</Filter>
    </ClInclude>
    <ClInclude Include="C:\Users\zocch\Documents\Visual Studio 2017\Projects\Neighborhood\Game\Header Files\Game\Input\Gamepad.hpp">
      <Filter>Header Files\Input</Filter>
    </ClInclude>
    <ClInclude Include="$(MSBuildThisFileDirectory)Header Files\Game\Mesh.hpp">
      <Filter>Header Files</Filter>
    </ClInclude>
  </ItemGroup>
  <ItemGroup>
    <ClCompile Include="$(MSBuildThisFileDirectory)Source Files\Exceptions.cpp">
      <Filter>Source Files</Filter>
    </ClCompile>
    <ClCompile Include="$(MSBuildThisFileDirectory)Source Files\Game.cpp">
      <Filter>Source Files</Filter>
    </ClCompile>
    <ClCompile Include="$(MSBuildThisFileDirectory)Source Files\ResourceHandler.cpp">
      <Filter>Source Files</Filter>
    </ClCompile>
    <ClCompile Include="$(MSBuildThisFileDirectory)Source Files\Utils.cpp">
      <Filter>Source Files</Filter>
    </ClCompile>
    <ClCompile Include="$(MSBuildThisFileDirectory)Source Files\Camera\Projection.cpp">
      <Filter>Source Files\Camera</Filter>
    </ClCompile>
    <ClCompile Include="$(MSBuildThisFileDirectory)Source Files\Camera\View.cpp">
      <Filter>Source Files\Camera</Filter>
    </ClCompile>
    <ClCompile Include="C:\Users\zocch\Documents\Visual Studio 2017\Projects\Neighborhood\Game\Source Files\Input\Gamepad.cpp">
      <Filter>Source Files\Input</Filter>
    </ClCompile>
    <ClCompile Include="$(MSBuildThisFileDirectory)Source Files\Mesh.cpp">
      <Filter>Source Files</Filter>
    </ClCompile>
  </ItemGroup>
</Project>