<?xml version="1.0" encoding="utf-8"?>
<Project ToolsVersion="4.0" xmlns="http://schemas.microsoft.com/developer/msbuild/2003">
  <ItemGroup>
    <Filter Include="Resources">
      <UniqueIdentifier>{b009058b-bc46-4600-b170-26e841be7eb3}</UniqueIdentifier>
    </Filter>
    <Filter Include="Sources">
      <UniqueIdentifier>{b327ad79-6701-4ff7-9aab-cd4d26e6604d}</UniqueIdentifier>
    </Filter>
    <Filter Include="Resources\Shaders">
      <UniqueIdentifier>{03cf8902-ef2e-4a18-ae3d-389fad17c352}</UniqueIdentifier>
    </Filter>
    <Filter Include="Resources\Shaders\Geometry">
      <UniqueIdentifier>{985ed084-0a87-4402-8cdf-197aa7c2e3c2}</UniqueIdentifier>
    </Filter>
    <Filter Include="Resources\Shaders\Lighting">
      <UniqueIdentifier>{3e02e2ed-ff35-41f0-bda6-e9796a3bb1c6}</UniqueIdentifier>
    </Filter>
    <Filter Include="Resources\Textures">
      <UniqueIdentifier>{43b9b32b-42bd-4128-925d-6af751ebfa4f}</UniqueIdentifier>
    </Filter>
    <Filter Include="Resources\Meshes">
      <UniqueIdentifier>{5fdd7eff-8b88-4fcd-91d7-a26d7957e921}</UniqueIdentifier>
    </Filter>
    <Filter Include="Sources\Input">
      <UniqueIdentifier>{13b66ede-4dc5-4237-a9af-2f530e1da8e6}</UniqueIdentifier>
    </Filter>
    <Filter Include="Sources\Utils">
      <UniqueIdentifier>{c648d606-dd29-42e8-b1b9-43cfebf779a4}</UniqueIdentifier>
    </Filter>
    <Filter Include="Sources\Engine">
      <UniqueIdentifier>{b31e006e-1e38-4625-8fd4-867186bba2f5}</UniqueIdentifier>
    </Filter>
    <Filter Include="Sources\Resources">
      <UniqueIdentifier>{404a08ef-670c-4619-9a7e-5081d96d11a1}</UniqueIdentifier>
    </Filter>
    <Filter Include="Sources\Rendering">
      <UniqueIdentifier>{ea22e871-0fc9-4335-94a8-c0252baab577}</UniqueIdentifier>
    </Filter>
    <Filter Include="Sources\Scene">
      <UniqueIdentifier>{dfe133e9-7cb9-469d-9093-bfd9b558bbde}</UniqueIdentifier>
    </Filter>
    <Filter Include="Sources\Logic">
      <UniqueIdentifier>{388aaa57-2ecf-4f9b-9520-028d62ef6f37}</UniqueIdentifier>
    </Filter>
    <Filter Include="Resources\Shaders\Shadowing">
      <UniqueIdentifier>{fd40ad24-4a3c-46d0-adaa-d8b5c7d30f01}</UniqueIdentifier>
    </Filter>
  </ItemGroup>
  <ItemGroup>
    <ClCompile Include="$(MSBuildThisFileDirectory)Source Files\Gamepad.cpp">
      <Filter>Sources\Input</Filter>
    </ClCompile>
    <ClCompile Include="$(MSBuildThisFileDirectory)Source Files\Exceptions.cpp">
      <Filter>Sources\Utils</Filter>
    </ClCompile>
    <ClCompile Include="$(MSBuildThisFileDirectory)Source Files\Storage.cpp">
      <Filter>Sources\Utils</Filter>
    </ClCompile>
    <ClCompile Include="$(MSBuildThisFileDirectory)Source Files\DeviceHolder.cpp">
      <Filter>Sources\Engine</Filter>
    </ClCompile>
    <ClCompile Include="$(MSBuildThisFileDirectory)Source Files\Dispatcher.cpp">
      <Filter>Sources\Engine</Filter>
    </ClCompile>
    <ClCompile Include="$(MSBuildThisFileDirectory)Source Files\ConstantBufferResource.cpp">
      <Filter>Sources\Resources</Filter>
    </ClCompile>
    <ClCompile Include="$(MSBuildThisFileDirectory)Source Files\MeshResource.cpp">
      <Filter>Sources\Resources</Filter>
    </ClCompile>
    <ClCompile Include="$(MSBuildThisFileDirectory)Source Files\Resource.cpp">
      <Filter>Sources\Resources</Filter>
    </ClCompile>
    <ClCompile Include="$(MSBuildThisFileDirectory)Source Files\SceneResources.cpp">
      <Filter>Sources\Resources</Filter>
    </ClCompile>
    <ClCompile Include="$(MSBuildThisFileDirectory)Source Files\ShaderResource.cpp">
      <Filter>Sources\Resources</Filter>
    </ClCompile>
    <ClCompile Include="$(MSBuildThisFileDirectory)Source Files\TextureResource.cpp">
      <Filter>Sources\Resources</Filter>
    </ClCompile>
    <ClCompile Include="$(MSBuildThisFileDirectory)Source Files\GeometryPass.cpp">
      <Filter>Sources\Rendering</Filter>
    </ClCompile>
    <ClCompile Include="$(MSBuildThisFileDirectory)Source Files\MergingPass.cpp">
      <Filter>Sources\Rendering</Filter>
    </ClCompile>
    <ClCompile Include="$(MSBuildThisFileDirectory)Source Files\Renderer.cpp">
      <Filter>Sources\Rendering</Filter>
    </ClCompile>
    <ClCompile Include="$(MSBuildThisFileDirectory)Source Files\Scene.cpp">
      <Filter>Sources\Scene</Filter>
    </ClCompile>
    <ClCompile Include="$(MSBuildThisFileDirectory)Source Files\Logic.cpp">
      <Filter>Sources\Logic</Filter>
    </ClCompile>
    <ClCompile Include="$(MSBuildThisFileDirectory)Source Files\Camera.cpp">
      <Filter>Sources\Scene</Filter>
    </ClCompile>
    <ClCompile Include="$(MSBuildThisFileDirectory)Source Files\Transform.cpp">
      <Filter>Sources\Scene</Filter>
    </ClCompile>
    <ClCompile Include="$(MSBuildThisFileDirectory)Source Files\LightingPass.cpp">
      <Filter>Sources\Rendering</Filter>
    </ClCompile>
    <ClCompile Include="$(MSBuildThisFileDirectory)Source Files\ShadowingSubPass.cpp">
      <Filter>Sources\Rendering</Filter>
    </ClCompile>
    <ClCompile Include="$(MSBuildThisFileDirectory)Source Files\Lights.cpp">
      <Filter>Sources\Scene</Filter>
    </ClCompile>
    <ClCompile Include="$(MSBuildThisFileDirectory)Source Files\DepthMapResource.cpp">
      <Filter>Sources\Resources</Filter>
    </ClCompile>
  </ItemGroup>
  <ItemGroup>
    <ClInclude Include="$(MSBuildThisFileDirectory)Header Files\Game\DDSLoader.hpp">
      <Filter>Sources</Filter>
    </ClInclude>
    <ClInclude Include="$(MSBuildThisFileDirectory)Header Files\Game\Direct3D.hpp">
      <Filter>Sources</Filter>
    </ClInclude>
    <ClInclude Include="$(MSBuildThisFileDirectory)Header Files\Game\DirectXMath.hpp">
      <Filter>Sources</Filter>
    </ClInclude>
    <ClInclude Include="$(MSBuildThisFileDirectory)Header Files\Game\Windows.hpp">
      <Filter>Sources</Filter>
    </ClInclude>
    <ClInclude Include="$(MSBuildThisFileDirectory)Header Files\Game\XInput.hpp">
      <Filter>Sources</Filter>
    </ClInclude>
    <ClInclude Include="$(MSBuildThisFileDirectory)Header Files\Game\Input\Gamepad.hpp">
      <Filter>Sources\Input</Filter>
    </ClInclude>
    <ClInclude Include="$(MSBuildThisFileDirectory)Header Files\Game\Utils\COMExceptions.hpp">
      <Filter>Sources\Utils</Filter>
    </ClInclude>
    <ClInclude Include="$(MSBuildThisFileDirectory)Header Files\Game\Utils\Exceptions.hpp">
      <Filter>Sources\Utils</Filter>
    </ClInclude>
    <ClInclude Include="$(MSBuildThisFileDirectory)Header Files\Game\Utils\Log.hpp">
      <Filter>Sources\Utils</Filter>
    </ClInclude>
    <ClInclude Include="$(MSBuildThisFileDirectory)Header Files\Game\Utils\Storage.hpp">
      <Filter>Sources\Utils</Filter>
    </ClInclude>
    <ClInclude Include="$(MSBuildThisFileDirectory)Header Files\Game\Utils\WindowRect.hpp">
      <Filter>Sources\Utils</Filter>
    </ClInclude>
    <ClInclude Include="$(MSBuildThisFileDirectory)Header Files\Game\Engine\DeviceHolder.hpp">
      <Filter>Sources\Engine</Filter>
    </ClInclude>
    <ClInclude Include="$(MSBuildThisFileDirectory)Header Files\Game\Resources\ConstantBufferResource.hpp">
      <Filter>Sources\Resources</Filter>
    </ClInclude>
    <ClInclude Include="$(MSBuildThisFileDirectory)Header Files\Game\Resources\MeshResource.hpp">
      <Filter>Sources\Resources</Filter>
    </ClInclude>
    <ClInclude Include="$(MSBuildThisFileDirectory)Header Files\Game\Resources\Resource.hpp">
      <Filter>Sources\Resources</Filter>
    </ClInclude>
    <ClInclude Include="$(MSBuildThisFileDirectory)Header Files\Game\Resources\SceneResources.hpp">
      <Filter>Sources\Resources</Filter>
    </ClInclude>
    <ClInclude Include="$(MSBuildThisFileDirectory)Header Files\Game\Resources\ShaderResource.hpp">
      <Filter>Sources\Resources</Filter>
    </ClInclude>
    <ClInclude Include="$(MSBuildThisFileDirectory)Header Files\Game\Resources\TextureResource.hpp">
      <Filter>Sources\Resources</Filter>
    </ClInclude>
    <ClInclude Include="$(MSBuildThisFileDirectory)Header Files\Game\Rendering\GeometryPass.hpp">
      <Filter>Sources\Rendering</Filter>
    </ClInclude>
    <ClInclude Include="$(MSBuildThisFileDirectory)Header Files\Game\Rendering\MergingPass.hpp">
      <Filter>Sources\Rendering</Filter>
    </ClInclude>
    <ClInclude Include="$(MSBuildThisFileDirectory)Header Files\Game\Rendering\Renderer.hpp">
      <Filter>Sources\Rendering</Filter>
    </ClInclude>
    <ClInclude Include="$(MSBuildThisFileDirectory)Header Files\Game\Rendering\RenderingPass.hpp">
      <Filter>Sources\Rendering</Filter>
    </ClInclude>
    <ClInclude Include="$(MSBuildThisFileDirectory)Header Files\Game\Scene\Scene.hpp">
      <Filter>Sources\Scene</Filter>
    </ClInclude>
    <ClInclude Include="$(MSBuildThisFileDirectory)Header Files\Game\Logic\Logic.hpp">
      <Filter>Sources\Logic</Filter>
    </ClInclude>
    <ClInclude Include="$(MSBuildThisFileDirectory)Header Files\Game\Engine\Dispatcher.hpp">
      <Filter>Sources\Engine</Filter>
    </ClInclude>
    <ClInclude Include="$(MSBuildThisFileDirectory)Header Files\Game\Scene\Lights.hpp">
      <Filter>Sources\Scene</Filter>
    </ClInclude>
    <ClInclude Include="$(MSBuildThisFileDirectory)Header Files\Game\Scene\Transform.hpp">
      <Filter>Sources\Scene</Filter>
    </ClInclude>
    <ClInclude Include="$(MSBuildThisFileDirectory)Header Files\Game\Scene\Camera.hpp">
      <Filter>Sources\Scene</Filter>
    </ClInclude>
    <ClInclude Include="$(MSBuildThisFileDirectory)Header Files\Game\Rendering\LightingPass.hpp">
      <Filter>Sources\Rendering</Filter>
    </ClInclude>
    <ClInclude Include="$(MSBuildThisFileDirectory)Header Files\Game\Rendering\ShadowingSubPass.hpp">
      <Filter>Sources\Rendering</Filter>
    </ClInclude>
    <ClInclude Include="$(MSBuildThisFileDirectory)Header Files\Game\Utils\MatrixWrapper.hpp">
      <Filter>Sources\Utils</Filter>
    </ClInclude>
    <ClInclude Include="$(MSBuildThisFileDirectory)Header Files\Game\Resources\DepthMapResource.hpp">
      <Filter>Sources\Resources</Filter>
    </ClInclude>
  </ItemGroup>
  <ItemGroup>
    <FxCompile Include="$(MSBuildThisFileDirectory)Resources\Shaders\Geometry_pixel.hlsl">
      <Filter>Resources\Shaders\Geometry</Filter>
    </FxCompile>
    <FxCompile Include="$(MSBuildThisFileDirectory)Resources\Shaders\Geometry_vertex.hlsl">
      <Filter>Resources\Shaders\Geometry</Filter>
    </FxCompile>
    <FxCompile Include="$(MSBuildThisFileDirectory)Resources\Shaders\Screen_vertex.hlsl">
      <Filter>Resources\Shaders\Lighting</Filter>
    </FxCompile>
    <FxCompile Include="$(MSBuildThisFileDirectory)Resources\Shaders\DirectionalLighting_pixel.hlsl">
      <Filter>Resources\Shaders\Lighting</Filter>
    </FxCompile>
    <FxCompile Include="$(MSBuildThisFileDirectory)Resources\Shaders\ConeLighting_pixel.hlsl">
      <Filter>Resources\Shaders\Lighting</Filter>
    </FxCompile>
    <FxCompile Include="$(MSBuildThisFileDirectory)Resources\Shaders\PointLighting_pixel.hlsl">
      <Filter>Resources\Shaders\Lighting</Filter>
    </FxCompile>
    <FxCompile Include="$(MSBuildThisFileDirectory)Resources\Shaders\Shadowing_vertex.hlsl">
      <Filter>Resources\Shaders\Shadowing</Filter>
    </FxCompile>
    <FxCompile Include="$(MSBuildThisFileDirectory)Resources\Shaders\Shadowing_geometry.hlsl">
      <Filter>Resources\Shaders\Shadowing</Filter>
    </FxCompile>
  </ItemGroup>
  <ItemGroup>
    <CopyResourceTask Include="$(MSBuildThisFileDirectory)Resources\Meshes\Sammy.json">
      <Filter>Resources\Meshes</Filter>
    </CopyResourceTask>
    <CopyResourceTask Include="$(MSBuildThisFileDirectory)Resources\Meshes\Home.json">
      <Filter>Resources\Meshes</Filter>
    </CopyResourceTask>
  </ItemGroup>
  <ItemGroup>
    <ImageContentTask Include="$(MSBuildThisFileDirectory)Resources\Textures\Sammy.tif">
      <Filter>Resources\Textures</Filter>
    </ImageContentTask>
    <ImageContentTask Include="$(MSBuildThisFileDirectory)Resources\Textures\Home.tif">
      <Filter>Resources\Textures</Filter>
    </ImageContentTask>
  </ItemGroup>
</Project>