<?xml version="1.0" encoding="utf-8"?>
<Project ToolsVersion="4.0" xmlns="http://schemas.microsoft.com/developer/msbuild/2003">
  <ItemGroup>
    <Filter Include="Source Files">
      <UniqueIdentifier>{4FC737F1-C7A5-4376-A066-2A32D752A2FF}</UniqueIdentifier>
      <Extensions>cpp;c;cc;cxx;def;odl;idl;hpj;bat;asm;asmx</Extensions>
    </Filter>
    <Filter Include="Header Files">
      <UniqueIdentifier>{93995380-89BD-4b04-88EB-625FBE52EBFB}</UniqueIdentifier>
      <Extensions>h;hh;hpp;hxx;hm;inl;inc;ipp;xsd</Extensions>
    </Filter>
    <Filter Include="Shaders">
      <UniqueIdentifier>{8f476d3a-d070-41cd-940d-914b785af222}</UniqueIdentifier>
    </Filter>
    <Filter Include="Cinema 4D">
      <UniqueIdentifier>{fe61bc82-3fcf-4d6f-9214-a0cd1f7b6acc}</UniqueIdentifier>
    </Filter>
    <Filter Include="Header Files\Utils">
      <UniqueIdentifier>{811740c8-d7c3-420f-a164-33fb23486b53}</UniqueIdentifier>
    </Filter>
    <Filter Include="Header Files\Engine">
      <UniqueIdentifier>{6e3996e5-5dac-4b35-b51c-250a32ac9bb7}</UniqueIdentifier>
    </Filter>
    <Filter Include="Header Files\Camera">
      <UniqueIdentifier>{7d3142bc-8524-47d2-b0cf-14dd1617b796}</UniqueIdentifier>
    </Filter>
    <Filter Include="Header Files\Input">
      <UniqueIdentifier>{ad892d61-eade-4b35-8843-6b99d120e14f}</UniqueIdentifier>
    </Filter>
    <Filter Include="Header Files\Scene">
      <UniqueIdentifier>{4b7ce825-f122-41ed-b3f3-c522e4eec738}</UniqueIdentifier>
    </Filter>
    <Filter Include="Source Files\Utils">
      <UniqueIdentifier>{cfffde3e-21d2-4c9b-9d8a-dd304bb4eae5}</UniqueIdentifier>
    </Filter>
    <Filter Include="Source Files\Scene">
      <UniqueIdentifier>{2f361d12-daa9-47bc-b119-c420c3c6dc61}</UniqueIdentifier>
    </Filter>
    <Filter Include="Source Files\Engine">
      <UniqueIdentifier>{647eaaf0-18ba-4d3f-b5ae-4ffa4a4889b5}</UniqueIdentifier>
    </Filter>
    <Filter Include="Source Files\Camera">
      <UniqueIdentifier>{1a71c46b-60e6-499b-a68c-3ee634dac790}</UniqueIdentifier>
    </Filter>
    <Filter Include="Source Files\Input">
      <UniqueIdentifier>{d8396942-755d-4509-8724-eef8d56aa266}</UniqueIdentifier>
    </Filter>
  </ItemGroup>
  <ItemGroup>
    <None Include="$(MSBuildThisFileDirectory)Cinema 4D\C4D_Exporter.py">
      <Filter>Cinema 4D</Filter>
    </None>
    <None Include="$(MSBuildThisFileDirectory)Cinema 4D\c4d_exporter_path">
      <Filter>Cinema 4D</Filter>
    </None>
    <None Include="$(MSBuildThisFileDirectory)Cinema 4D\Scene.c4d">
      <Filter>Cinema 4D</Filter>
    </None>
  </ItemGroup>
  <ItemGroup>
    <FxCompile Include="$(MSBuildThisFileDirectory)Shaders\PixelShader.hlsl">
      <Filter>Shaders</Filter>
    </FxCompile>
    <FxCompile Include="$(MSBuildThisFileDirectory)Shaders\VertexShader.hlsl">
      <Filter>Shaders</Filter>
    </FxCompile>
  </ItemGroup>
  <ItemGroup>
    <ClInclude Include="$(MSBuildThisFileDirectory)Header Files\Game\Engine\ResourceHandler.hpp">
      <Filter>Header Files\Engine</Filter>
    </ClInclude>
    <ClInclude Include="$(MSBuildThisFileDirectory)Header Files\Game\Engine\Game.hpp">
      <Filter>Header Files\Engine</Filter>
    </ClInclude>
    <ClInclude Include="$(MSBuildThisFileDirectory)Header Files\Game\Utils\COMExceptions.hpp">
      <Filter>Header Files\Utils</Filter>
    </ClInclude>
    <ClInclude Include="$(MSBuildThisFileDirectory)Header Files\Game\Utils\Exceptions.hpp">
      <Filter>Header Files\Utils</Filter>
    </ClInclude>
    <ClInclude Include="$(MSBuildThisFileDirectory)Header Files\Game\Utils\Log.hpp">
      <Filter>Header Files\Utils</Filter>
    </ClInclude>
  </ItemGroup>
  <ItemGroup>
    <ClCompile Include="$(MSBuildThisFileDirectory)Source Files\Engine\ResourceHandler.cpp">
      <Filter>Source Files\Engine</Filter>
    </ClCompile>
    <ClCompile Include="$(MSBuildThisFileDirectory)Source Files\Engine\Game.cpp">
      <Filter>Source Files\Engine</Filter>
    </ClCompile>
    <ClCompile Include="$(MSBuildThisFileDirectory)Source Files\Utils\Exceptions.cpp">
      <Filter>Source Files\Utils</Filter>
    </ClCompile>
  </ItemGroup>
</Project>