<?xml version="1.0" encoding="utf-8"?>
<Project ToolsVersion="4.0" xmlns="http://schemas.microsoft.com/developer/msbuild/2003">
  <ItemGroup>
    <Filter Include="Sources">
      <UniqueIdentifier>{b327ad79-6701-4ff7-9aab-cd4d26e6604d}</UniqueIdentifier>
    </Filter>
    <Filter Include="Sources\Input">
      <UniqueIdentifier>{13b66ede-4dc5-4237-a9af-2f530e1da8e6}</UniqueIdentifier>
    </Filter>
    <Filter Include="Sources\Utils">
      <UniqueIdentifier>{c648d606-dd29-42e8-b1b9-43cfebf779a4}</UniqueIdentifier>
    </Filter>
    <Filter Include="Sources\Engine">
      <UniqueIdentifier>{b31e006e-1e38-4625-8fd4-867186bba2f5}</UniqueIdentifier>
    </Filter>
    <Filter Include="Sources\Resources">
      <UniqueIdentifier>{404a08ef-670c-4619-9a7e-5081d96d11a1}</UniqueIdentifier>
    </Filter>
    <Filter Include="Sources\Rendering">
      <UniqueIdentifier>{ea22e871-0fc9-4335-94a8-c0252baab577}</UniqueIdentifier>
    </Filter>
    <Filter Include="Sources\Scene">
      <UniqueIdentifier>{dfe133e9-7cb9-469d-9093-bfd9b558bbde}</UniqueIdentifier>
    </Filter>
    <Filter Include="Sources\Logic">
      <UniqueIdentifier>{388aaa57-2ecf-4f9b-9520-028d62ef6f37}</UniqueIdentifier>
    </Filter>
    <Filter Include="Shaders">
      <UniqueIdentifier>{ad24cfb3-00c4-4fc1-a593-a58a303a8f73}</UniqueIdentifier>
    </Filter>
    <Filter Include="Cinema 4D">
      <UniqueIdentifier>{8fb7937a-9edf-473b-a145-c5dcbc2d0fee}</UniqueIdentifier>
    </Filter>
    <Filter Include="Sources\Meshes">
      <UniqueIdentifier>{d7026052-d858-4824-b67a-9a3b14ecf32f}</UniqueIdentifier>
    </Filter>
  </ItemGroup>
  <ItemGroup>
    <ClCompile Include="$(MSBuildThisFileDirectory)Source Files\Gamepad.cpp">
      <Filter>Sources\Input</Filter>
    </ClCompile>
    <ClCompile Include="$(MSBuildThisFileDirectory)Source Files\Exceptions.cpp">
      <Filter>Sources\Utils</Filter>
    </ClCompile>
    <ClCompile Include="$(MSBuildThisFileDirectory)Source Files\Storage.cpp">
      <Filter>Sources\Utils</Filter>
    </ClCompile>
    <ClCompile Include="$(MSBuildThisFileDirectory)Source Files\DeviceHolder.cpp">
      <Filter>Sources\Engine</Filter>
    </ClCompile>
    <ClCompile Include="$(MSBuildThisFileDirectory)Source Files\Dispatcher.cpp">
      <Filter>Sources\Engine</Filter>
    </ClCompile>
    <ClCompile Include="$(MSBuildThisFileDirectory)Source Files\ConstantBufferResource.cpp">
      <Filter>Sources\Resources</Filter>
    </ClCompile>
    <ClCompile Include="$(MSBuildThisFileDirectory)Source Files\MeshResource.cpp">
      <Filter>Sources\Resources</Filter>
    </ClCompile>
    <ClCompile Include="$(MSBuildThisFileDirectory)Source Files\Resource.cpp">
      <Filter>Sources\Resources</Filter>
    </ClCompile>
    <ClCompile Include="$(MSBuildThisFileDirectory)Source Files\ShaderResource.cpp">
      <Filter>Sources\Resources</Filter>
    </ClCompile>
    <ClCompile Include="$(MSBuildThisFileDirectory)Source Files\GeometryPass.cpp">
      <Filter>Sources\Rendering</Filter>
    </ClCompile>
    <ClCompile Include="$(MSBuildThisFileDirectory)Source Files\MergingPass.cpp">
      <Filter>Sources\Rendering</Filter>
    </ClCompile>
    <ClCompile Include="$(MSBuildThisFileDirectory)Source Files\Renderer.cpp">
      <Filter>Sources\Rendering</Filter>
    </ClCompile>
    <ClCompile Include="$(MSBuildThisFileDirectory)Source Files\Scene.cpp">
      <Filter>Sources\Scene</Filter>
    </ClCompile>
    <ClCompile Include="$(MSBuildThisFileDirectory)Source Files\Logic.cpp">
      <Filter>Sources\Logic</Filter>
    </ClCompile>
    <ClCompile Include="$(MSBuildThisFileDirectory)Source Files\Camera.cpp">
      <Filter>Sources\Scene</Filter>
    </ClCompile>
    <ClCompile Include="$(MSBuildThisFileDirectory)Source Files\Transform.cpp">
      <Filter>Sources\Scene</Filter>
    </ClCompile>
    <ClCompile Include="$(MSBuildThisFileDirectory)Source Files\LightingPass.cpp">
      <Filter>Sources\Rendering</Filter>
    </ClCompile>
    <ClCompile Include="$(MSBuildThisFileDirectory)Source Files\ShadowingSubPass.cpp">
      <Filter>Sources\Rendering</Filter>
    </ClCompile>
    <ClCompile Include="$(MSBuildThisFileDirectory)Source Files\Lights.cpp">
      <Filter>Sources\Scene</Filter>
    </ClCompile>
    <ClCompile Include="$(MSBuildThisFileDirectory)Source Files\DepthMapResource.cpp">
      <Filter>Sources\Resources</Filter>
    </ClCompile>
    <ClCompile Include="$(MSBuildThisFileDirectory)Source Files\Mesh_Sammy.c4d.cpp">
      <Filter>Sources\Meshes</Filter>
    </ClCompile>
  </ItemGroup>
  <ItemGroup>
    <ClInclude Include="$(MSBuildThisFileDirectory)Header Files\Game\Direct3D.hpp">
      <Filter>Sources</Filter>
    </ClInclude>
    <ClInclude Include="$(MSBuildThisFileDirectory)Header Files\Game\DirectXMath.hpp">
      <Filter>Sources</Filter>
    </ClInclude>
    <ClInclude Include="$(MSBuildThisFileDirectory)Header Files\Game\Windows.hpp">
      <Filter>Sources</Filter>
    </ClInclude>
    <ClInclude Include="$(MSBuildThisFileDirectory)Header Files\Game\XInput.hpp">
      <Filter>Sources</Filter>
    </ClInclude>
    <ClInclude Include="$(MSBuildThisFileDirectory)Header Files\Game\Input\Gamepad.hpp">
      <Filter>Sources\Input</Filter>
    </ClInclude>
    <ClInclude Include="$(MSBuildThisFileDirectory)Header Files\Game\Utils\COMExceptions.hpp">
      <Filter>Sources\Utils</Filter>
    </ClInclude>
    <ClInclude Include="$(MSBuildThisFileDirectory)Header Files\Game\Utils\Exceptions.hpp">
      <Filter>Sources\Utils</Filter>
    </ClInclude>
    <ClInclude Include="$(MSBuildThisFileDirectory)Header Files\Game\Utils\Log.hpp">
      <Filter>Sources\Utils</Filter>
    </ClInclude>
    <ClInclude Include="$(MSBuildThisFileDirectory)Header Files\Game\Utils\Storage.hpp">
      <Filter>Sources\Utils</Filter>
    </ClInclude>
    <ClInclude Include="$(MSBuildThisFileDirectory)Header Files\Game\Utils\WindowRect.hpp">
      <Filter>Sources\Utils</Filter>
    </ClInclude>
    <ClInclude Include="$(MSBuildThisFileDirectory)Header Files\Game\Engine\DeviceHolder.hpp">
      <Filter>Sources\Engine</Filter>
    </ClInclude>
    <ClInclude Include="$(MSBuildThisFileDirectory)Header Files\Game\Resources\ConstantBufferResource.hpp">
      <Filter>Sources\Resources</Filter>
    </ClInclude>
    <ClInclude Include="$(MSBuildThisFileDirectory)Header Files\Game\Resources\MeshResource.hpp">
      <Filter>Sources\Resources</Filter>
    </ClInclude>
    <ClInclude Include="$(MSBuildThisFileDirectory)Header Files\Game\Resources\Resource.hpp">
      <Filter>Sources\Resources</Filter>
    </ClInclude>
    <ClInclude Include="$(MSBuildThisFileDirectory)Header Files\Game\Resources\ShaderResource.hpp">
      <Filter>Sources\Resources</Filter>
    </ClInclude>
    <ClInclude Include="$(MSBuildThisFileDirectory)Header Files\Game\Rendering\GeometryPass.hpp">
      <Filter>Sources\Rendering</Filter>
    </ClInclude>
    <ClInclude Include="$(MSBuildThisFileDirectory)Header Files\Game\Rendering\MergingPass.hpp">
      <Filter>Sources\Rendering</Filter>
    </ClInclude>
    <ClInclude Include="$(MSBuildThisFileDirectory)Header Files\Game\Rendering\Renderer.hpp">
      <Filter>Sources\Rendering</Filter>
    </ClInclude>
    <ClInclude Include="$(MSBuildThisFileDirectory)Header Files\Game\Rendering\RenderingPass.hpp">
      <Filter>Sources\Rendering</Filter>
    </ClInclude>
    <ClInclude Include="$(MSBuildThisFileDirectory)Header Files\Game\Scene\Scene.hpp">
      <Filter>Sources\Scene</Filter>
    </ClInclude>
    <ClInclude Include="$(MSBuildThisFileDirectory)Header Files\Game\Engine\Dispatcher.hpp">
      <Filter>Sources\Engine</Filter>
    </ClInclude>
    <ClInclude Include="$(MSBuildThisFileDirectory)Header Files\Game\Scene\Lights.hpp">
      <Filter>Sources\Scene</Filter>
    </ClInclude>
    <ClInclude Include="$(MSBuildThisFileDirectory)Header Files\Game\Scene\Transform.hpp">
      <Filter>Sources\Scene</Filter>
    </ClInclude>
    <ClInclude Include="$(MSBuildThisFileDirectory)Header Files\Game\Scene\Camera.hpp">
      <Filter>Sources\Scene</Filter>
    </ClInclude>
    <ClInclude Include="$(MSBuildThisFileDirectory)Header Files\Game\Rendering\LightingPass.hpp">
      <Filter>Sources\Rendering</Filter>
    </ClInclude>
    <ClInclude Include="$(MSBuildThisFileDirectory)Header Files\Game\Rendering\ShadowingSubPass.hpp">
      <Filter>Sources\Rendering</Filter>
    </ClInclude>
    <ClInclude Include="$(MSBuildThisFileDirectory)Header Files\Game\Utils\MatrixWrapper.hpp">
      <Filter>Sources\Utils</Filter>
    </ClInclude>
    <ClInclude Include="$(MSBuildThisFileDirectory)Header Files\Game\Resources\DepthMapResource.hpp">
      <Filter>Sources\Resources</Filter>
    </ClInclude>
    <ClInclude Include="$(MSBuildThisFileDirectory)Header Files\Game\Logic\Logic.hpp">
      <Filter>Sources\Logic</Filter>
    </ClInclude>
    <ClInclude Include="$(MSBuildThisFileDirectory)Header Files\Game\Engine\EngineListener.hpp">
      <Filter>Sources\Engine</Filter>
    </ClInclude>
    <ClInclude Include="$(MSBuildThisFileDirectory)Header Files\Game\Utils\NonCopyable.hpp" />
    <ClInclude Include="$(MSBuildThisFileDirectory)Header Files\Game\Meshes\Meshes.hpp">
      <Filter>Sources\Meshes</Filter>
    </ClInclude>
    <ClInclude Include="$(MSBuildThisFileDirectory)Header Files\Game\Meshes\Mesh.hpp">
      <Filter>Sources\Meshes</Filter>
    </ClInclude>
  </ItemGroup>
  <ItemGroup>
    <FxCompile Include="$(MSBuildThisFileDirectory)Shaders\ConeLighting_pixel.hlsl">
      <Filter>Shaders</Filter>
    </FxCompile>
    <FxCompile Include="$(MSBuildThisFileDirectory)Shaders\DirectionalLighting_pixel.hlsl">
      <Filter>Shaders</Filter>
    </FxCompile>
    <FxCompile Include="$(MSBuildThisFileDirectory)Shaders\Geometry_pixel.hlsl">
      <Filter>Shaders</Filter>
    </FxCompile>
    <FxCompile Include="$(MSBuildThisFileDirectory)Shaders\Geometry_vertex.hlsl">
      <Filter>Shaders</Filter>
    </FxCompile>
    <FxCompile Include="$(MSBuildThisFileDirectory)Shaders\Lighting_pixel.hlsl">
      <Filter>Shaders</Filter>
    </FxCompile>
    <FxCompile Include="$(MSBuildThisFileDirectory)Shaders\Screen_vertex.hlsl">
      <Filter>Shaders</Filter>
    </FxCompile>
    <FxCompile Include="$(MSBuildThisFileDirectory)Shaders\Shadowing_geometry.hlsl">
      <Filter>Shaders</Filter>
    </FxCompile>
    <FxCompile Include="$(MSBuildThisFileDirectory)Shaders\Shadowing_vertex.hlsl">
      <Filter>Shaders</Filter>
    </FxCompile>
  </ItemGroup>
  <ItemGroup>
    <None Include="$(MSBuildThisFileDirectory)Cinema 4D\c4d_mesh_exporter.py">
      <Filter>Cinema 4D</Filter>
    </None>
    <None Include="$(MSBuildThisFileDirectory)Cinema 4D\Sammy.c4d">
      <Filter>Cinema 4D</Filter>
    </None>
  </ItemGroup>
</Project>